
Microsoft Visual Studio Solution File, Format Version 11.00
# Visual Studio 2010
Project("{FAE04EC0-301F-11D3-BF4B-00C04F79EFBC}") = "SharpGroups", "SharpGroups\SharpGroups.csproj", "{65E0F8EE-4E7F-47C3-A35E-91469E200B29}"
EndProject
Project("{FAE04EC0-301F-11D3-BF4B-00C04F79EFBC}") = "SharpGroups.Tests", "SharpGroups.Tests\SharpGroups.Tests.csproj", "{33A9EC7B-4643-47EC-8AA2-FB06EE95C419}"
EndProject
Project("{2150E333-8FDC-42A3-9474-1A3956D46DE8}") = "Solution Items", "Solution Items", "{1BF0D2FE-D4C4-46AD-982C-2BDCF2027734}"
	ProjectSection(SolutionItems) = preProject
		README = README
	EndProjectSection
EndProject
Global
	GlobalSection(SolutionConfigurationPlatforms) = preSolution
		Debug|Any CPU = Debug|Any CPU
		Release|Any CPU = Release|Any CPU
	EndGlobalSection
	GlobalSection(ProjectConfigurationPlatforms) = postSolution
		{65E0F8EE-4E7F-47C3-A35E-91469E200B29}.Debug|Any CPU.ActiveCfg = Debug|Any CPU
		{65E0F8EE-4E7F-47C3-A35E-91469E200B29}.Debug|Any CPU.Build.0 = Debug|Any CPU
		{65E0F8EE-4E7F-47C3-A35E-91469E200B29}.Release|Any CPU.ActiveCfg = Release|Any CPU
		{65E0F8EE-4E7F-47C3-A35E-91469E200B29}.Release|Any CPU.Build.0 = Release|Any CPU
		{33A9EC7B-4643-47EC-8AA2-FB06EE95C419}.Debug|Any CPU.ActiveCfg = Debug|Any CPU
		{33A9EC7B-4643-47EC-8AA2-FB06EE95C419}.Debug|Any CPU.Build.0 = Debug|Any CPU
		{33A9EC7B-4643-47EC-8AA2-FB06EE95C419}.Release|Any CPU.ActiveCfg = Release|Any CPU
		{33A9EC7B-4643-47EC-8AA2-FB06EE95C419}.Release|Any CPU.Build.0 = Release|Any CPU
	EndGlobalSection
	GlobalSection(SolutionProperties) = preSolution
		HideSolutionNode = FALSE
	EndGlobalSection
EndGlobal
